Microsoft Visual Studio Solution File, Format Version 12.00
# Visual Studio Version 17
VisualStudioVersion = 17.5.2.0
MinimumVisualStudioVersion = 10.0.40219.1
Project("{FAE04EC0-301F-11D3-BF4B-00C04F79EFBC}") = "Lab02-Kladiev", "Lab02-Kladiev.csproj", "{847DDF2A-F47A-BD44-DD6C-0254AB29249B}"
EndProject
Global
	GlobalSection(SolutionConfigurationPlatforms) = preSolution
		Debug|Any CPU = Debug|Any CPU
		Release|Any CPU = Release|Any CPU
	EndGlobalSection
	GlobalSection(ProjectConfigurationPlatforms) = postSolution
		{847DDF2A-F47A-BD44-DD6C-0254AB29249B}.Debug|Any CPU.ActiveCfg = Debug|Any CPU
		{847DDF2A-F47A-BD44-DD6C-0254AB29249B}.Debug|Any CPU.Build.0 = Debug|Any CPU
		{847DDF2A-F47A-BD44-DD6C-0254AB29249B}.Release|Any CPU.ActiveCfg = Release|Any CPU
		{847DDF2A-F47A-BD44-DD6C-0254AB29249B}.Release|Any CPU.Build.0 = Release|Any CPU
	EndGlobalSection
	GlobalSection(SolutionProperties) = preSolution
		HideSolutionNode = FALSE
	EndGlobalSection
	GlobalSection(ExtensibilityGlobals) = postSolution
		SolutionGuid = {07E11273-497E-4325-92E9-1B6F8F7DDF97}
	EndGlobalSection
EndGlobal
